PODS:
  - Formed (0.0.1)
  - Realm (3.10.0):
    - Realm/Headers (= 3.10.0)
  - Realm/Headers (3.10.0)

DEPENDENCIES:
  - Formed (from `/Users/shaun/XcodeProjects/Formed`)
  - Realm

SPEC REPOS:
  https://github.com/cocoapods/specs.git:
    - Realm

EXTERNAL SOURCES:
  Formed:
    :path: "/Users/shaun/XcodeProjects/Formed"

SPEC CHECKSUMS:
  Formed: eb171625de0a81d423d60eda6209a87c6c5817a1
  Realm: 85ab9e4f779d66f6e9ffeb118dc25b7f130c96ac

PODFILE CHECKSUM: 46314db7b5318d19b5cfb6cc8ccc400f0684475e

COCOAPODS: 1.5.3
