// !$*UTF8*$!
{
	archiveVersion = 1;
	classes = {
	};
	objectVersion = 48;
	objects = {

/* Begin PBXBuildFile section */
		2851F67D2131432500F4C448 /* DatabaseObject.m in Sources */ = {isa = PBXBuildFile; fileRef = 2851F67C2131432500F4C448 /* DatabaseObject.m */; };
		28B5FDF32132C18300DA00E4 /* CreateViewController.m in Sources */ = {isa = PBXBuildFile; fileRef = 28B5FDF22132C18300DA00E4 /* CreateViewController.m */; };
		28B5FDF62132C1C600DA00E4 /* InventoryViewController.m in Sources */ = {isa = PBXBuildFile; fileRef = 28B5FDF52132C1C600DA00E4 /* InventoryViewController.m */; };
		28FD527B212B827D00C00746 /* AppDelegate.m in Sources */ = {isa = PBXBuildFile; fileRef = 28FD527A212B827D00C00746 /* AppDelegate.m */; };
		28FD527E212B827D00C00746 /* ViewController.m in Sources */ = {isa = PBXBuildFile; fileRef = 28FD527D212B827D00C00746 /* ViewController.m */; };
		28FD5281212B827D00C00746 /* Main.storyboard in Resources */ = {isa = PBXBuildFile; fileRef = 28FD527F212B827D00C00746 /* Main.storyboard */; };
		28FD5283212B827D00C00746 /* Assets.xcassets in Resources */ = {isa = PBXBuildFile; fileRef = 28FD5282212B827D00C00746 /* Assets.xcassets */; };
		28FD5286212B827D00C00746 /* LaunchScreen.storyboard in Resources */ = {isa = PBXBuildFile; fileRef = 28FD5284212B827D00C00746 /* LaunchScreen.storyboard */; };
		28FD5289212B827D00C00746 /* main.m in Sources */ = {isa = PBXBuildFile; fileRef = 28FD5288212B827D00C00746 /* main.m */; };
		5B9541A6A90A884326A5120C /* libPods-RealmBarcodeScanner.a in Frameworks */ = {isa = PBXBuildFile; fileRef = 2D0FE9A734C19A232E62AB99 /* libPods-RealmBarcodeScanner.a */; };
/* End PBXBuildFile section */

/* Begin PBXCopyFilesBuildPhase section */
		285C7CD12147E8900094AB95 /* Embed Frameworks */ = {
			isa = PBXCopyFilesBuildPhase;
			buildActionMask = 2147483647;
			dstPath = "";
			dstSubfolderSpec = 10;
			files = (
			);
			name = "Embed Frameworks";
			runOnlyForDeploymentPostprocessing = 0;
		};
/* End PBXCopyFilesBuildPhase section */

/* Begin PBXFileReference section */
		122253A4304126ED05E742AB /* Pods-RealmBarcodeScanner.release.xcconfig */ = {isa = PBXFileReference; includeInIndex = 1; lastKnownFileType = text.xcconfig; name = "Pods-RealmBarcodeScanner.release.xcconfig"; path = "Pods/Target Support Files/Pods-RealmBarcodeScanner/Pods-RealmBarcodeScanner.release.xcconfig"; sourceTree = "<group>"; };
		2851F67C2131432500F4C448 /* DatabaseObject.m */ = {isa = PBXFileReference; lastKnownFileType = sourcecode.c.objc; path = DatabaseObject.m; sourceTree = "<group>"; };
		2851F67E213165BB00F4C448 /* DatabaseObject.h */ = {isa = PBXFileReference; lastKnownFileType = sourcecode.c.h; path = DatabaseObject.h; sourceTree = "<group>"; };
		28B5FDF12132C18300DA00E4 /* CreateViewController.h */ = {isa = PBXFileReference; lastKnownFileType = sourcecode.c.h; path = CreateViewController.h; sourceTree = "<group>"; };
		28B5FDF22132C18300DA00E4 /* CreateViewController.m */ = {isa = PBXFileReference; lastKnownFileType = sourcecode.c.objc; path = CreateViewController.m; sourceTree = "<group>"; };
		28B5FDF42132C1C600DA00E4 /* InventoryViewController.h */ = {isa = PBXFileReference; lastKnownFileType = sourcecode.c.h; path = InventoryViewController.h; sourceTree = "<group>"; };
		28B5FDF52132C1C600DA00E4 /* InventoryViewController.m */ = {isa = PBXFileReference; lastKnownFileType = sourcecode.c.objc; path = InventoryViewController.m; sourceTree = "<group>"; };
		28FD5276212B827D00C00746 /* RealmBarcodeScanner.app */ = {isa = PBXFileReference; explicitFileType = wrapper.application; includeInIndex = 0; path = RealmBarcodeScanner.app; sourceTree = BUILT_PRODUCTS_DIR; };
		28FD5279212B827D00C00746 /* AppDelegate.h */ = {isa = PBXFileReference; lastKnownFileType = sourcecode.c.h; path = AppDelegate.h; sourceTree = "<group>"; };
		28FD527A212B827D00C00746 /* AppDelegate.m */ = {isa = PBXFileReference; lastKnownFileType = sourcecode.c.objc; path = AppDelegate.m; sourceTree = "<group>"; };
		28FD527C212B827D00C00746 /* ViewController.h */ = {isa = PBXFileReference; lastKnownFileType = sourcecode.c.h; path = ViewController.h; sourceTree = "<group>"; };
		28FD527D212B827D00C00746 /* ViewController.m */ = {isa = PBXFileReference; lastKnownFileType = sourcecode.c.objc; path = ViewController.m; sourceTree = "<group>"; };
		28FD5280212B827D00C00746 /* Base */ = {isa = PBXFileReference; lastKnownFileType = file.storyboard; name = Base; path = Base.lproj/Main.storyboard; sourceTree = "<group>"; };
		28FD5282212B827D00C00746 /* Assets.xcassets */ = {isa = PBXFileReference; lastKnownFileType = folder.assetcatalog; path = Assets.xcassets; sourceTree = "<group>"; };
		28FD5285212B827D00C00746 /* Base */ = {isa = PBXFileReference; lastKnownFileType = file.storyboard; name = Base; path = Base.lproj/LaunchScreen.storyboard; sourceTree = "<group>"; };
		28FD5287212B827D00C00746 /* Info.plist */ = {isa = PBXFileReference; lastKnownFileType = text.plist.xml; path = Info.plist; sourceTree = "<group>"; };
		28FD5288212B827D00C00746 /* main.m */ = {isa = PBXFileReference; lastKnownFileType = sourcecode.c.objc; path = main.m; sourceTree = "<group>"; };
		2D0FE9A734C19A232E62AB99 /* libPods-RealmBarcodeScanner.a */ = {isa = PBXFileReference; explicitFileType = archive.ar; includeInIndex = 0; path = "libPods-RealmBarcodeScanner.a"; sourceTree = BUILT_PRODUCTS_DIR; };
		3779D355D4C8B989A27F057F /* Pods-BarcodeScanner.release.xcconfig */ = {isa = PBXFileReference; includeInIndex = 1; lastKnownFileType = text.xcconfig; name = "Pods-BarcodeScanner.release.xcconfig"; path = "Pods/Target Support Files/Pods-BarcodeScanner/Pods-BarcodeScanner.release.xcconfig"; sourceTree = SOURCE_ROOT; };
		5C35A8C270FD418F77835F48 /* Pods-RealmBarcodeScanner.debug.xcconfig */ = {isa = PBXFileReference; includeInIndex = 1; lastKnownFileType = text.xcconfig; name = "Pods-RealmBarcodeScanner.debug.xcconfig"; path = "Pods/Target Support Files/Pods-RealmBarcodeScanner/Pods-RealmBarcodeScanner.debug.xcconfig"; sourceTree = "<group>"; };
		8DD0624D949BAEB575D49E95 /* Pods-BarcodeScanner.debug.xcconfig */ = {isa = PBXFileReference; includeInIndex = 1; lastKnownFileType = text.xcconfig; name = "Pods-BarcodeScanner.debug.xcconfig"; path = "Pods/Target Support Files/Pods-BarcodeScanner/Pods-BarcodeScanner.debug.xcconfig"; sourceTree = SOURCE_ROOT; };
/* End PBXFileReference section */

/* Begin PBXFrameworksBuildPhase section */
		28FD5273212B827D00C00746 /* Frameworks */ = {
			isa = PBXFrameworksBuildPhase;
			buildActionMask = 2147483647;
			files = (
				5B9541A6A90A884326A5120C /* libPods-RealmBarcodeScanner.a in Frameworks */,
			);
			runOnlyForDeploymentPostprocessing = 0;
		};
/* End PBXFrameworksBuildPhase section */

/* Begin PBXGroup section */
		2851F682213174B300F4C448 /* Model */ = {
			isa = PBXGroup;
			children = (
				2851F67E213165BB00F4C448 /* DatabaseObject.h */,
				2851F67C2131432500F4C448 /* DatabaseObject.m */,
			);
			path = Model;
			sourceTree = "<group>";
		};
		2851F683213174C500F4C448 /* Controller */ = {
			isa = PBXGroup;
			children = (
				28FD527C212B827D00C00746 /* ViewController.h */,
				28FD527D212B827D00C00746 /* ViewController.m */,
				28B5FDF12132C18300DA00E4 /* CreateViewController.h */,
				28B5FDF22132C18300DA00E4 /* CreateViewController.m */,
				28B5FDF42132C1C600DA00E4 /* InventoryViewController.h */,
				28B5FDF52132C1C600DA00E4 /* InventoryViewController.m */,
			);
			path = Controller;
			sourceTree = "<group>";
		};
		2851F684213174DD00F4C448 /* View */ = {
			isa = PBXGroup;
			children = (
				28FD527F212B827D00C00746 /* Main.storyboard */,
				28FD5284212B827D00C00746 /* LaunchScreen.storyboard */,
			);
			path = View;
			sourceTree = "<group>";
		};
		28FD526D212B827D00C00746 = {
			isa = PBXGroup;
			children = (
				28FD5278212B827D00C00746 /* RealmBarcodeScanner */,
				28FD5277212B827D00C00746 /* Products */,
				C7DC5AFDD6F9FCEE2D46583A /* Pods */,
				FD9A52B09FD755DDCAA50BED /* Frameworks */,
			);
			sourceTree = "<group>";
		};
		28FD5277212B827D00C00746 /* Products */ = {
			isa = PBXGroup;
			children = (
				28FD5276212B827D00C00746 /* RealmBarcodeScanner.app */,
			);
			name = Products;
			sourceTree = "<group>";
		};
		28FD5278212B827D00C00746 /* RealmBarcodeScanner */ = {
			isa = PBXGroup;
			children = (
				2851F684213174DD00F4C448 /* View */,
				2851F683213174C500F4C448 /* Controller */,
				2851F682213174B300F4C448 /* Model */,
				28FD5279212B827D00C00746 /* AppDelegate.h */,
				28FD527A212B827D00C00746 /* AppDelegate.m */,
				28FD5282212B827D00C00746 /* Assets.xcassets */,
				28FD5287212B827D00C00746 /* Info.plist */,
				28FD5288212B827D00C00746 /* main.m */,
			);
			path = RealmBarcodeScanner;
			sourceTree = "<group>";
		};
		C7DC5AFDD6F9FCEE2D46583A /* Pods */ = {
			isa = PBXGroup;
			children = (
				8DD0624D949BAEB575D49E95 /* Pods-BarcodeScanner.debug.xcconfig */,
				3779D355D4C8B989A27F057F /* Pods-BarcodeScanner.release.xcconfig */,
				5C35A8C270FD418F77835F48 /* Pods-RealmBarcodeScanner.debug.xcconfig */,
				122253A4304126ED05E742AB /* Pods-RealmBarcodeScanner.release.xcconfig */,
			);
			name = Pods;
			sourceTree = "<group>";
		};
		FD9A52B09FD755DDCAA50BED /* Frameworks */ = {
			isa = PBXGroup;
			children = (
				2D0FE9A734C19A232E62AB99 /* libPods-RealmBarcodeScanner.a */,
			);
			name = Frameworks;
			sourceTree = "<group>";
		};
/* End PBXGroup section */

/* Begin PBXNativeTarget section */
		28FD5275212B827D00C00746 /* RealmBarcodeScanner */ = {
			isa = PBXNativeTarget;
			buildConfigurationList = 28FD528C212B827D00C00746 /* Build configuration list for PBXNativeTarget "RealmBarcodeScanner" */;
			buildPhases = (
				50715204689959F07484202C /* [CP] Check Pods Manifest.lock */,
				28FD5272212B827D00C00746 /* Sources */,
				28FD5273212B827D00C00746 /* Frameworks */,
				28FD5274212B827D00C00746 /* Resources */,
				285C7CD12147E8900094AB95 /* Embed Frameworks */,
			);
			buildRules = (
			);
			dependencies = (
			);
			name = RealmBarcodeScanner;
			productName = BarcadeScanner;
			productReference = 28FD5276212B827D00C00746 /* RealmBarcodeScanner.app */;
			productType = "com.apple.product-type.application";
		};
/* End PBXNativeTarget section */

/* Begin PBXProject section */
		28FD526E212B827D00C00746 /* Project object */ = {
			isa = PBXProject;
			attributes = {
				LastUpgradeCheck = 0940;
				ORGANIZATIONNAME = "Shaun Anderson";
				TargetAttributes = {
					28FD5275212B827D00C00746 = {
						CreatedOnToolsVersion = 9.2;
						ProvisioningStyle = Automatic;
					};
				};
			};
			buildConfigurationList = 28FD5271212B827D00C00746 /* Build configuration list for PBXProject "RealmBarcodeScanner" */;
			compatibilityVersion = "Xcode 8.0";
			developmentRegion = en;
			hasScannedForEncodings = 0;
			knownRegions = (
				en,
				Base,
			);
			mainGroup = 28FD526D212B827D00C00746;
			productRefGroup = 28FD5277212B827D00C00746 /* Products */;
			projectDirPath = "";
			projectRoot = "";
			targets = (
				28FD5275212B827D00C00746 /* RealmBarcodeScanner */,
			);
		};
/* End PBXProject section */

/* Begin PBXResourcesBuildPhase section */
		28FD5274212B827D00C00746 /* Resources */ = {
			isa = PBXResourcesBuildPhase;
			buildActionMask = 2147483647;
			files = (
				28FD5286212B827D00C00746 /* LaunchScreen.storyboard in Resources */,
				28FD5283212B827D00C00746 /* Assets.xcassets in Resources */,
				28FD5281212B827D00C00746 /* Main.storyboard in Resources */,
			);
			runOnlyForDeploymentPostprocessing = 0;
		};
/* End PBXResourcesBuildPhase section */

/* Begin PBXShellScriptBuildPhase section */
		50715204689959F07484202C /* [CP] Check Pods Manifest.lock */ = {
			isa = PBXShellScriptBuildPhase;
			buildActionMask = 2147483647;
			files = (
			);
			inputPaths = (
				"${PODS_PODFILE_DIR_PATH}/Podfile.lock",
				"${PODS_ROOT}/Manifest.lock",
			);
			name = "[CP] Check Pods Manifest.lock";
			outputPaths = (
				"$(DERIVED_FILE_DIR)/Pods-RealmBarcodeScanner-checkManifestLockResult.txt",
			);
			runOnlyForDeploymentPostprocessing = 0;
			shellPath = /bin/sh;
			shellScript = "diff \"${PODS_PODFILE_DIR_PATH}/Podfile.lock\" \"${PODS_ROOT}/Manifest.lock\" > /dev/null\nif [ $? != 0 ] ; then\n    # print error to STDERR\n    echo \"error: The sandbox is not in sync with the Podfile.lock. Run 'pod install' or update your CocoaPods installation.\" >&2\n    exit 1\nfi\n# This output is used by Xcode 'outputs' to avoid re-running this script phase.\necho \"SUCCESS\" > \"${SCRIPT_OUTPUT_FILE_0}\"\n";
			showEnvVarsInLog = 0;
		};
/* End PBXShellScriptBuildPhase section */

/* Begin PBXSourcesBuildPhase section */
		28FD5272212B827D00C00746 /* Sources */ = {
			isa = PBXSourcesBuildPhase;
			buildActionMask = 2147483647;
			files = (
				28FD527E212B827D00C00746 /* ViewController.m in Sources */,
				28B5FDF32132C18300DA00E4 /* CreateViewController.m in Sources */,
				28FD5289212B827D00C00746 /* main.m in Sources */,
				28FD527B212B827D00C00746 /* AppDelegate.m in Sources */,
				2851F67D2131432500F4C448 /* DatabaseObject.m in Sources */,
				28B5FDF62132C1C600DA00E4 /* InventoryViewController.m in Sources */,
			);
			runOnlyForDeploymentPostprocessing = 0;
		};
/* End PBXSourcesBuildPhase section */

/* Begin PBXVariantGroup section */
		28FD527F212B827D00C00746 /* Main.storyboard */ = {
			isa = PBXVariantGroup;
			children = (
				28FD5280212B827D00C00746 /* Base */,
			);
			name = Main.storyboard;
			sourceTree = "<group>";
		};
		28FD5284212B827D00C00746 /* LaunchScreen.storyboard */ = {
			isa = PBXVariantGroup;
			children = (
				28FD5285212B827D00C00746 /* Base */,
			);
			name = LaunchScreen.storyboard;
			sourceTree = "<group>";
		};
/* End PBXVariantGroup section */

/* Begin XCBuildConfiguration section */
		28FD528A212B827D00C00746 /* Debug */ = {
			isa = XCBuildConfiguration;
			buildSettings = {
				ALWAYS_SEARCH_USER_PATHS = NO;
				CLANG_ANALYZER_NONNULL = YES;
				CLANG_ANALYZER_NUMBER_OBJECT_CONVERSION = YES_AGGRESSIVE;
				CLANG_CXX_LANGUAGE_STANDARD = "gnu++14";
				CLANG_CXX_LIBRARY = "libc++";
				CLANG_ENABLE_MODULES = YES;
				CLANG_ENABLE_OBJC_ARC = YES;
				CLANG_WARN_BLOCK_CAPTURE_AUTORELEASING = YES;
				CLANG_WARN_BOOL_CONVERSION = YES;
				CLANG_WARN_COMMA = YES;
				CLANG_WARN_CONSTANT_CONVERSION = YES;
				CLANG_WARN_DEPRECATED_OBJC_IMPLEMENTATIONS = YES;
				CLANG_WARN_DIRECT_OBJC_ISA_USAGE = YES_ERROR;
				CLANG_WARN_DOCUMENTATION_COMMENTS = YES;
				CLANG_WARN_EMPTY_BODY = YES;
				CLANG_WARN_ENUM_CONVERSION = YES;
				CLANG_WARN_INFINITE_RECURSION = YES;
				CLANG_WARN_INT_CONVERSION = YES;
				CLANG_WARN_NON_LITERAL_NULL_CONVERSION = YES;
				CLANG_WARN_OBJC_IMPLICIT_RETAIN_SELF = YES;
				CLANG_WARN_OBJC_LITERAL_CONVERSION = YES;
				CLANG_WARN_OBJC_ROOT_CLASS = YES_ERROR;
				CLANG_WARN_RANGE_LOOP_ANALYSIS = YES;
				CLANG_WARN_STRICT_PROTOTYPES = YES;
				CLANG_WARN_SUSPICIOUS_MOVE = YES;
				CLANG_WARN_UNGUARDED_AVAILABILITY = YES_AGGRESSIVE;
				CLANG_WARN_UNREACHABLE_CODE = YES;
				CLANG_WARN__DUPLICATE_METHOD_MATCH = YES;
				CODE_SIGN_IDENTITY = "iPhone Developer";
				COPY_PHASE_STRIP = NO;
				DEBUG_INFORMATION_FORMAT = dwarf;
				ENABLE_STRICT_OBJC_MSGSEND = YES;
				ENABLE_TESTABILITY = YES;
				GCC_C_LANGUAGE_STANDARD = gnu11;
				GCC_DYNAMIC_NO_PIC = NO;
				GCC_NO_COMMON_BLOCKS = YES;
				GCC_OPTIMIZATION_LEVEL = 0;
				GCC_PREPROCESSOR_DEFINITIONS = (
					"DEBUG=1",
					"$(inherited)",
				);
				GCC_WARN_64_TO_32_BIT_CONVERSION = YES;
				GCC_WARN_ABOUT_RETURN_TYPE = YES_ERROR;
				GCC_WARN_UNDECLARED_SELECTOR = YES;
				GCC_WARN_UNINITIALIZED_AUTOS = YES_AGGRESSIVE;
				GCC_WARN_UNUSED_FUNCTION = YES;
				GCC_WARN_UNUSED_VARIABLE = YES;
				IPHONEOS_DEPLOYMENT_TARGET = 11.2;
				MTL_ENABLE_DEBUG_INFO = YES;
				ONLY_ACTIVE_ARCH = YES;
				SDKROOT = iphoneos;
			};
			name = Debug;
		};
		28FD528B212B827D00C00746 /* Release */ = {
			isa = XCBuildConfiguration;
			buildSettings = {
				ALWAYS_SEARCH_USER_PATHS = NO;
				CLANG_ANALYZER_NONNULL = YES;
				CLANG_ANALYZER_NUMBER_OBJECT_CONVERSION = YES_AGGRESSIVE;
				CLANG_CXX_LANGUAGE_STANDARD = "gnu++14";
				CLANG_CXX_LIBRARY = "libc++";
				CLANG_ENABLE_MODULES = YES;
				CLANG_ENABLE_OBJC_ARC = YES;
				CLANG_WARN_BLOCK_CAPTURE_AUTORELEASING = YES;
				CLANG_WARN_BOOL_CONVERSION = YES;
				CLANG_WARN_COMMA = YES;
				CLANG_WARN_CONSTANT_CONVERSION = YES;
				CLANG_WARN_DEPRECATED_OBJC_IMPLEMENTATIONS = YES;
				CLANG_WARN_DIRECT_OBJC_ISA_USAGE = YES_ERROR;
				CLANG_WARN_DOCUMENTATION_COMMENTS = YES;
				CLANG_WARN_EMPTY_BODY = YES;
				CLANG_WARN_ENUM_CONVERSION = YES;
				CLANG_WARN_INFINITE_RECURSION = YES;
				CLANG_WARN_INT_CONVERSION = YES;
				CLANG_WARN_NON_LITERAL_NULL_CONVERSION = YES;
				CLANG_WARN_OBJC_IMPLICIT_RETAIN_SELF = YES;
				CLANG_WARN_OBJC_LITERAL_CONVERSION = YES;
				CLANG_WARN_OBJC_ROOT_CLASS = YES_ERROR;
				CLANG_WARN_RANGE_LOOP_ANALYSIS = YES;
				CLANG_WARN_STRICT_PROTOTYPES = YES;
				CLANG_WARN_SUSPICIOUS_MOVE = YES;
				CLANG_WARN_UNGUARDED_AVAILABILITY = YES_AGGRESSIVE;
				CLANG_WARN_UNREACHABLE_CODE = YES;
				CLANG_WARN__DUPLICATE_METHOD_MATCH = YES;
				CODE_SIGN_IDENTITY = "iPhone Developer";
				COPY_PHASE_STRIP = NO;
				DEBUG_INFORMATION_FORMAT = "dwarf-with-dsym";
				ENABLE_NS_ASSERTIONS = NO;
				ENABLE_STRICT_OBJC_MSGSEND = YES;
				GCC_C_LANGUAGE_STANDARD = gnu11;
				GCC_NO_COMMON_BLOCKS = YES;
				GCC_WARN_64_TO_32_BIT_CONVERSION = YES;
				GCC_WARN_ABOUT_RETURN_TYPE = YES_ERROR;
				GCC_WARN_UNDECLARED_SELECTOR = YES;
				GCC_WARN_UNINITIALIZED_AUTOS = YES_AGGRESSIVE;
				GCC_WARN_UNUSED_FUNCTION = YES;
				GCC_WARN_UNUSED_VARIABLE = YES;
				IPHONEOS_DEPLOYMENT_TARGET = 11.2;
				MTL_ENABLE_DEBUG_INFO = NO;
				SDKROOT = iphoneos;
				VALIDATE_PRODUCT = YES;
			};
			name = Release;
		};
		28FD528D212B827D00C00746 /* Debug */ = {
			isa = XCBuildConfiguration;
			baseConfigurationReference = 5C35A8C270FD418F77835F48 /* Pods-RealmBarcodeScanner.debug.xcconfig */;
			buildSettings = {
				ASSETCATALOG_COMPILER_APPICON_NAME = AppIcon;
				CODE_SIGN_STYLE = Automatic;
				DEVELOPMENT_TEAM = X9T272DK2T;
				FRAMEWORK_SEARCH_PATHS = (
					"$(inherited)",
					"$(PROJECT_DIR)",
				);
				INFOPLIST_FILE = RealmBarcodeScanner/Info.plist;
				LD_RUNPATH_SEARCH_PATHS = "$(inherited) @executable_path/Frameworks";
				PRODUCT_BUNDLE_IDENTIFIER = Ando.BarcodeScanner;
				PRODUCT_NAME = "$(TARGET_NAME)";
				TARGETED_DEVICE_FAMILY = "1,2";
			};
			name = Debug;
		};
		28FD528E212B827D00C00746 /* Release */ = {
			isa = XCBuildConfiguration;
			baseConfigurationReference = 122253A4304126ED05E742AB /* Pods-RealmBarcodeScanner.release.xcconfig */;
			buildSettings = {
				ASSETCATALOG_COMPILER_APPICON_NAME = AppIcon;
				CODE_SIGN_STYLE = Automatic;
				DEVELOPMENT_TEAM = X9T272DK2T;
				FRAMEWORK_SEARCH_PATHS = (
					"$(inherited)",
					"$(PROJECT_DIR)",
				);
				INFOPLIST_FILE = RealmBarcodeScanner/Info.plist;
				LD_RUNPATH_SEARCH_PATHS = "$(inherited) @executable_path/Frameworks";
				PRODUCT_BUNDLE_IDENTIFIER = Ando.BarcodeScanner;
				PRODUCT_NAME = "$(TARGET_NAME)";
				TARGETED_DEVICE_FAMILY = "1,2";
			};
			name = Release;
		};
/* End XCBuildConfiguration section */

/* Begin XCConfigurationList section */
		28FD5271212B827D00C00746 /* Build configuration list for PBXProject "RealmBarcodeScanner" */ = {
			isa = XCConfigurationList;
			buildConfigurations = (
				28FD528A212B827D00C00746 /* Debug */,
				28FD528B212B827D00C00746 /* Release */,
			);
			defaultConfigurationIsVisible = 0;
			defaultConfigurationName = Release;
		};
		28FD528C212B827D00C00746 /* Build configuration list for PBXNativeTarget "RealmBarcodeScanner" */ = {
			isa = XCConfigurationList;
			buildConfigurations = (
				28FD528D212B827D00C00746 /* Debug */,
				28FD528E212B827D00C00746 /* Release */,
			);
			defaultConfigurationIsVisible = 0;
			defaultConfigurationName = Release;
		};
/* End XCConfigurationList section */
	};
	rootObject = 28FD526E212B827D00C00746 /* Project object */;
}
